
Microsoft Visual Studio Solution File, Format Version 12.00
# Visual Studio Version 16
VisualStudioVersion = 16.0.31313.79
MinimumVisualStudioVersion = 10.0.40219.1
Project("{FAE04EC0-301F-11D3-BF4B-00C04F79EFBC}") = "ChequePorExtenso.ConsoleApp.TDD", "ChequePorExtenso.ConsoleApp.TDD\ChequePorExtenso.ConsoleApp.TDD.csproj", "{EDA73305-5240-4540-A87E-612CBA4A91EA}"
EndProject
Project("{FAE04EC0-301F-11D3-BF4B-00C04F79EFBC}") = "Cheques.Tests", "Cheques.Tests\Cheques.Tests.csproj", "{5BBE528B-F842-4161-A068-B9ABE28BC287}"
EndProject
Global
	GlobalSection(SolutionConfigurationPlatforms) = preSolution
		Debug|Any CPU = Debug|Any CPU
		Release|Any CPU = Release|Any CPU
	EndGlobalSection
	GlobalSection(ProjectConfigurationPlatforms) = postSolution
		{EDA73305-5240-4540-A87E-612CBA4A91EA}.Debug|Any CPU.ActiveCfg = Debug|Any CPU
		{EDA73305-5240-4540-A87E-612CBA4A91EA}.Debug|Any CPU.Build.0 = Debug|Any CPU
		{EDA73305-5240-4540-A87E-612CBA4A91EA}.Release|Any CPU.ActiveCfg = Release|Any CPU
		{EDA73305-5240-4540-A87E-612CBA4A91EA}.Release|Any CPU.Build.0 = Release|Any CPU
		{5BBE528B-F842-4161-A068-B9ABE28BC287}.Debug|Any CPU.ActiveCfg = Debug|Any CPU
		{5BBE528B-F842-4161-A068-B9ABE28BC287}.Debug|Any CPU.Build.0 = Debug|Any CPU
		{5BBE528B-F842-4161-A068-B9ABE28BC287}.Release|Any CPU.ActiveCfg = Release|Any CPU
		{5BBE528B-F842-4161-A068-B9ABE28BC287}.Release|Any CPU.Build.0 = Release|Any CPU
	EndGlobalSection
	GlobalSection(SolutionProperties) = preSolution
		HideSolutionNode = FALSE
	EndGlobalSection
	GlobalSection(ExtensibilityGlobals) = postSolution
		SolutionGuid = {9B516119-3FB0-43AA-8530-7D65F228EE6B}
	EndGlobalSection
EndGlobal
